
Microsoft Visual Studio Solution File, Format Version 12.00
# Visual Studio Version 17
VisualStudioVersion = 17.4.33122.133
MinimumVisualStudioVersion = 10.0.40219.1
Project("{FAE04EC0-301F-11D3-BF4B-00C04F79EFBC}") = "AutoScrap", "AutoScrap.csproj", "{ECCE56BB-1ADC-4673-ADFA-94CAE12A03BC}"
EndProject
Global
	GlobalSection(SolutionConfigurationPlatforms) = preSolution
		Debug|Any CPU = Debug|Any CPU
		Release|Any CPU = Release|Any CPU
	EndGlobalSection
	GlobalSection(ProjectConfigurationPlatforms) = postSolution
		{ECCE56BB-1ADC-4673-ADFA-94CAE12A03BC}.Debug|Any CPU.ActiveCfg = Debug|Any CPU
		{ECCE56BB-1ADC-4673-ADFA-94CAE12A03BC}.Debug|Any CPU.Build.0 = Debug|Any CPU
		{ECCE56BB-1ADC-4673-ADFA-94CAE12A03BC}.Release|Any CPU.ActiveCfg = Release|Any CPU
		{ECCE56BB-1ADC-4673-ADFA-94CAE12A03BC}.Release|Any CPU.Build.0 = Release|Any CPU
	EndGlobalSection
	GlobalSection(SolutionProperties) = preSolution
		HideSolutionNode = FALSE
	EndGlobalSection
	GlobalSection(ExtensibilityGlobals) = postSolution
		SolutionGuid = {90C54E07-9E83-4113-9DE8-1E37CCC50B7C}
	EndGlobalSection
EndGlobal
